
Microsoft Visual Studio Solution File, Format Version 12.00
# Visual Studio Version 17
VisualStudioVersion = 17.7.34009.444
MinimumVisualStudioVersion = 10.0.40219.1
Project("{FAE04EC0-301F-11D3-BF4B-00C04F79EFBC}") = "OOP_lab_7", "OOP_lab_7\OOP_lab_7.csproj", "{3049A02D-50FA-49B9-9D62-D3047A228FCB}"
EndProject
Global
	GlobalSection(SolutionConfigurationPlatforms) = preSolution
		Debug|Any CPU = Debug|Any CPU
		Release|Any CPU = Release|Any CPU
	EndGlobalSection
	GlobalSection(ProjectConfigurationPlatforms) = postSolution
		{3049A02D-50FA-49B9-9D62-D3047A228FCB}.Debug|Any CPU.ActiveCfg = Debug|Any CPU
		{3049A02D-50FA-49B9-9D62-D3047A228FCB}.Debug|Any CPU.Build.0 = Debug|Any CPU
		{3049A02D-50FA-49B9-9D62-D3047A228FCB}.Release|Any CPU.ActiveCfg = Release|Any CPU
		{3049A02D-50FA-49B9-9D62-D3047A228FCB}.Release|Any CPU.Build.0 = Release|Any CPU
	EndGlobalSection
	GlobalSection(SolutionProperties) = preSolution
		HideSolutionNode = FALSE
	EndGlobalSection
	GlobalSection(ExtensibilityGlobals) = postSolution
		SolutionGuid = {6244D799-300D-482F-B0D8-70B511B3FCA5}
	EndGlobalSection
EndGlobal
